
Microsoft Visual Studio Solution File, Format Version 12.00
# Visual Studio Version 16
VisualStudioVersion = 16.0.29411.108
MinimumVisualStudioVersion = 10.0.40219.1
Project("{FAE04EC0-301F-11D3-BF4B-00C04F79EFBC}") = "DiscountCalculator", "DiscountCalculator\DiscountCalculator.csproj", "{F8777A0C-48FE-4298-B6B2-EA4FA2B047D7}"
EndProject
Global
	GlobalSection(SolutionConfigurationPlatforms) = preSolution
		Debug|Any CPU = Debug|Any CPU
		Release|Any CPU = Release|Any CPU
	EndGlobalSection
	GlobalSection(ProjectConfigurationPlatforms) = postSolution
		{F8777A0C-48FE-4298-B6B2-EA4FA2B047D7}.Debug|Any CPU.ActiveCfg = Debug|Any CPU
		{F8777A0C-48FE-4298-B6B2-EA4FA2B047D7}.Debug|Any CPU.Build.0 = Debug|Any CPU
		{F8777A0C-48FE-4298-B6B2-EA4FA2B047D7}.Release|Any CPU.ActiveCfg = Release|Any CPU
		{F8777A0C-48FE-4298-B6B2-EA4FA2B047D7}.Release|Any CPU.Build.0 = Release|Any CPU
	EndGlobalSection
	GlobalSection(SolutionProperties) = preSolution
		HideSolutionNode = FALSE
	EndGlobalSection
	GlobalSection(ExtensibilityGlobals) = postSolution
		SolutionGuid = {7C06469D-4D7A-44BF-994C-4F99200FCC87}
	EndGlobalSection
EndGlobal
